# THIS IS AN AUTOGENERATED FILE. DO NOT EDIT THIS FILE DIRECTLY.
# yarn lockfile v1


flot@^0.8.0-alpha:
  version "0.8.0-alpha"
  resolved "https://registry.yarnpkg.com/flot/-/flot-0.8.0-alpha.tgz#9cbbc7147c10a47d2549db90bd2987ec1ba784ba"

jquery@^3.3.1:
  version "3.3.1"
  resolved "https://registry.yarnpkg.com/jquery/-/jquery-3.3.1.tgz#958ce29e81c9790f31be7792df5d4d95fc57fbca"
